
Microsoft Visual Studio Solution File, Format Version 12.00
# Visual Studio 15
Project("{FAE04EC0-301F-11D3-BF4B-00C04F79EFBC}") = "Assembly-CSharp", "Assembly-CSharp.csproj", "{1C489325-3AD8-908B-E0DB-14C35DD18FD9}"
EndProject
Project("{FAE04EC0-301F-11D3-BF4B-00C04F79EFBC}") = "Assembly-CSharp-Editor", "Assembly-CSharp-Editor.csproj", "{45E62119-7670-E6C0-5DDF-A073547534A0}"
EndProject
Global
	GlobalSection(SolutionConfigurationPlatforms) = preSolution
		Debug|Any CPU = Debug|Any CPU
		Release|Any CPU = Release|Any CPU
	EndGlobalSection
	GlobalSection(ProjectConfigurationPlatforms) = postSolution
		{1C489325-3AD8-908B-E0DB-14C35DD18FD9}.Debug|Any CPU.ActiveCfg = Debug|Any CPU
		{1C489325-3AD8-908B-E0DB-14C35DD18FD9}.Debug|Any CPU.Build.0 = Debug|Any CPU
		{1C489325-3AD8-908B-E0DB-14C35DD18FD9}.Release|Any CPU.ActiveCfg = Release|Any CPU
		{1C489325-3AD8-908B-E0DB-14C35DD18FD9}.Release|Any CPU.Build.0 = Release|Any CPU
		{45E62119-7670-E6C0-5DDF-A073547534A0}.Debug|Any CPU.ActiveCfg = Debug|Any CPU
		{45E62119-7670-E6C0-5DDF-A073547534A0}.Debug|Any CPU.Build.0 = Debug|Any CPU
		{45E62119-7670-E6C0-5DDF-A073547534A0}.Release|Any CPU.ActiveCfg = Release|Any CPU
		{45E62119-7670-E6C0-5DDF-A073547534A0}.Release|Any CPU.Build.0 = Release|Any CPU
	EndGlobalSection
	GlobalSection(SolutionProperties) = preSolution
		HideSolutionNode = FALSE
	EndGlobalSection
EndGlobal
